
Microsoft Visual Studio Solution File, Format Version 12.00
# Visual Studio 15
VisualStudioVersion = 15.0.28010.2041
MinimumVisualStudioVersion = 10.0.40219.1
Project("{FAE04EC0-301F-11D3-BF4B-00C04F79EFBC}") = "ArduinoCom", "ArduinoCom\ArduinoCom.csproj", "{B77CABC8-9DC5-47D4-B759-AE0B59AA71F0}"
EndProject
Global
	GlobalSection(SolutionConfigurationPlatforms) = preSolution
		Debug|Any CPU = Debug|Any CPU
		Release|Any CPU = Release|Any CPU
	EndGlobalSection
	GlobalSection(ProjectConfigurationPlatforms) = postSolution
		{B77CABC8-9DC5-47D4-B759-AE0B59AA71F0}.Debug|Any CPU.ActiveCfg = Debug|Any CPU
		{B77CABC8-9DC5-47D4-B759-AE0B59AA71F0}.Debug|Any CPU.Build.0 = Debug|Any CPU
		{B77CABC8-9DC5-47D4-B759-AE0B59AA71F0}.Release|Any CPU.ActiveCfg = Release|Any CPU
		{B77CABC8-9DC5-47D4-B759-AE0B59AA71F0}.Release|Any CPU.Build.0 = Release|Any CPU
	EndGlobalSection
	GlobalSection(SolutionProperties) = preSolution
		HideSolutionNode = FALSE
	EndGlobalSection
	GlobalSection(ExtensibilityGlobals) = postSolution
		SolutionGuid = {EEB722D7-8A1D-4B1E-B642-0BAE0A697B52}
	EndGlobalSection
EndGlobal
